<?xml version="1.0" encoding="utf-8"?>
<Project ToolsVersion="4.0" xmlns="http://schemas.microsoft.com/developer/msbuild/2003">
  <ItemGroup>
    <Filter Include="Source Files">
      <UniqueIdentifier>{4FC737F1-C7A5-4376-A066-2A32D752A2FF}</UniqueIdentifier>
      <Extensions>cpp;c;cc;cxx;def;odl;idl;hpj;bat;asm;asmx</Extensions>
    </Filter>
    <Filter Include="Header Files">
      <UniqueIdentifier>{93995380-89BD-4b04-88EB-625FBE52EBFB}</UniqueIdentifier>
      <Extensions>h;hpp;hxx;hm;inl;inc;xsd</Extensions>
    </Filter>
    <Filter Include="Header Files\global">
      <UniqueIdentifier>{fbb70d9d-18b1-4bb5-849d-08b0442e56ef}</UniqueIdentifier>
    </Filter>
    <Filter Include="Source Files\global">
      <UniqueIdentifier>{25c77268-9caf-43d5-b3a6-20317c51ad8c}</UniqueIdentifier>
    </Filter>
    <Filter Include="Header Files\ut">
      <UniqueIdentifier>{89fe3a56-a069-4de7-bfad-283a67ce9bad}</UniqueIdentifier>
    </Filter>
    <Filter Include="Source Files\ut">
      <UniqueIdentifier>{eabe630c-52f7-4469-a691-c5538fe8f012}</UniqueIdentifier>
    </Filter>
    <Filter Include="Header Files\player">
      <UniqueIdentifier>{80f2688b-c8ef-4630-9237-8c8938ad5772}</UniqueIdentifier>
    </Filter>
    <Filter Include="Source Files\player">
      <UniqueIdentifier>{b33fdacb-6edb-4346-b765-c8cc36ff4cce}</UniqueIdentifier>
    </Filter>
    <Filter Include="Header Files\game manager">
      <UniqueIdentifier>{d7609817-8f35-4801-bc5a-27e24c023532}</UniqueIdentifier>
    </Filter>
    <Filter Include="Source Files\game manager">
      <UniqueIdentifier>{fe51ad07-3299-4f00-99f2-520d6af0e1cc}</UniqueIdentifier>
    </Filter>
    <Filter Include="Header Files\level">
      <UniqueIdentifier>{1ecf4858-b812-4aad-a385-581c5fade067}</UniqueIdentifier>
    </Filter>
    <Filter Include="Source Files\level">
      <UniqueIdentifier>{0885f29d-8fbc-46c9-adfc-bc6d328a2b10}</UniqueIdentifier>
    </Filter>
    <Filter Include="Header Files\light">
      <UniqueIdentifier>{ff1a578e-07f8-40fd-8c5b-29a59175af1e}</UniqueIdentifier>
    </Filter>
  </ItemGroup>
  <ItemGroup>
    <ClCompile Include="..\code\main.cpp">
      <Filter>Source Files</Filter>
    </ClCompile>
    <ClCompile Include="..\code\global.cpp">
      <Filter>Source Files\global</Filter>
    </ClCompile>
    <ClCompile Include="..\code\ut.cpp">
      <Filter>Source Files\ut</Filter>
    </ClCompile>
    <ClCompile Include="..\code\player.cpp">
      <Filter>Source Files\player</Filter>
    </ClCompile>
    <ClCompile Include="..\code\game_manager.cpp">
      <Filter>Source Files\game manager</Filter>
    </ClCompile>
    <ClCompile Include="..\code\level.cpp">
      <Filter>Source Files\level</Filter>
    </ClCompile>
  </ItemGroup>
  <ItemGroup>
    <ClInclude Include="..\code\global.h">
      <Filter>Header Files\global</Filter>
    </ClInclude>
    <ClInclude Include="..\code\ut.h">
      <Filter>Header Files\ut</Filter>
    </ClInclude>
    <ClInclude Include="..\code\player.h">
      <Filter>Header Files\player</Filter>
    </ClInclude>
    <ClInclude Include="..\code\game_manager.h">
      <Filter>Header Files\game manager</Filter>
    </ClInclude>
    <ClInclude Include="..\code\level.h">
      <Filter>Header Files\level</Filter>
    </ClInclude>
    <ClInclude Include="..\code\light.h">
      <Filter>Header Files\light</Filter>
    </ClInclude>
  </ItemGroup>
</Project>